// !$*UTF8*$!
{
	archiveVersion = 1;
	classes = {
	};
	objectVersion = 50;
	objects = {

/* Begin PBXBuildFile section */
		C4BF697926E5827100CD7ACB /* _0210905_ArmandoHerrera_NYCSchoolsApp.swift in Sources */ = {isa = PBXBuildFile; fileRef = C4BF697826E5827100CD7ACB /* _0210905_ArmandoHerrera_NYCSchoolsApp.swift */; };
		C4BF697B26E5827100CD7ACB /* ContentView.swift in Sources */ = {isa = PBXBuildFile; fileRef = C4BF697A26E5827100CD7ACB /* ContentView.swift */; };
		C4BF697D26E5827400CD7ACB /* Assets.xcassets in Resources */ = {isa = PBXBuildFile; fileRef = C4BF697C26E5827400CD7ACB /* Assets.xcassets */; };
		C4BF698026E5827400CD7ACB /* Preview Assets.xcassets in Resources */ = {isa = PBXBuildFile; fileRef = C4BF697F26E5827400CD7ACB /* Preview Assets.xcassets */; };
		C4BF698826E5830C00CD7ACB /* SchoolStruct.swift in Sources */ = {isa = PBXBuildFile; fileRef = C4BF698726E5830C00CD7ACB /* SchoolStruct.swift */; };
		C4BF698A26E5857600CD7ACB /* SatResults.swift in Sources */ = {isa = PBXBuildFile; fileRef = C4BF698926E5857600CD7ACB /* SatResults.swift */; };
		C4BF698C26E58C8100CD7ACB /* SatResultsStruct.swift in Sources */ = {isa = PBXBuildFile; fileRef = C4BF698B26E58C8100CD7ACB /* SatResultsStruct.swift */; };
		C4BF698E26E58ED000CD7ACB /* SatResultsUIView.swift in Sources */ = {isa = PBXBuildFile; fileRef = C4BF698D26E58ED000CD7ACB /* SatResultsUIView.swift */; };
/* End PBXBuildFile section */

/* Begin PBXFileReference section */
		C4BF697526E5827100CD7ACB /* 20210905-ArmandoHerrera-NYCSchools.app */ = {isa = PBXFileReference; explicitFileType = wrapper.application; includeInIndex = 0; path = "20210905-ArmandoHerrera-NYCSchools.app"; sourceTree = BUILT_PRODUCTS_DIR; };
		C4BF697826E5827100CD7ACB /* _0210905_ArmandoHerrera_NYCSchoolsApp.swift */ = {isa = PBXFileReference; lastKnownFileType = sourcecode.swift; path = _0210905_ArmandoHerrera_NYCSchoolsApp.swift; sourceTree = "<group>"; };
		C4BF697A26E5827100CD7ACB /* ContentView.swift */ = {isa = PBXFileReference; lastKnownFileType = sourcecode.swift; path = ContentView.swift; sourceTree = "<group>"; };
		C4BF697C26E5827400CD7ACB /* Assets.xcassets */ = {isa = PBXFileReference; lastKnownFileType = folder.assetcatalog; path = Assets.xcassets; sourceTree = "<group>"; };
		C4BF697F26E5827400CD7ACB /* Preview Assets.xcassets */ = {isa = PBXFileReference; lastKnownFileType = folder.assetcatalog; path = "Preview Assets.xcassets"; sourceTree = "<group>"; };
		C4BF698126E5827400CD7ACB /* Info.plist */ = {isa = PBXFileReference; lastKnownFileType = text.plist.xml; path = Info.plist; sourceTree = "<group>"; };
		C4BF698726E5830C00CD7ACB /* SchoolStruct.swift */ = {isa = PBXFileReference; lastKnownFileType = sourcecode.swift; path = SchoolStruct.swift; sourceTree = "<group>"; };
		C4BF698926E5857600CD7ACB /* SatResults.swift */ = {isa = PBXFileReference; lastKnownFileType = sourcecode.swift; path = SatResults.swift; sourceTree = "<group>"; };
		C4BF698B26E58C8100CD7ACB /* SatResultsStruct.swift */ = {isa = PBXFileReference; lastKnownFileType = sourcecode.swift; path = SatResultsStruct.swift; sourceTree = "<group>"; };
		C4BF698D26E58ED000CD7ACB /* SatResultsUIView.swift */ = {isa = PBXFileReference; lastKnownFileType = sourcecode.swift; path = SatResultsUIView.swift; sourceTree = "<group>"; };
/* End PBXFileReference section */

/* Begin PBXFrameworksBuildPhase section */
		C4BF697226E5827100CD7ACB /* Frameworks */ = {
			isa = PBXFrameworksBuildPhase;
			buildActionMask = 2147483647;
			files = (
			);
			runOnlyForDeploymentPostprocessing = 0;
		};
/* End PBXFrameworksBuildPhase section */

/* Begin PBXGroup section */
		C4BF696C26E5827100CD7ACB = {
			isa = PBXGroup;
			children = (
				C4BF697726E5827100CD7ACB /* 20210905-ArmandoHerrera-NYCSchools */,
				C4BF697626E5827100CD7ACB /* Products */,
			);
			sourceTree = "<group>";
		};
		C4BF697626E5827100CD7ACB /* Products */ = {
			isa = PBXGroup;
			children = (
				C4BF697526E5827100CD7ACB /* 20210905-ArmandoHerrera-NYCSchools.app */,
			);
			name = Products;
			sourceTree = "<group>";
		};
		C4BF697726E5827100CD7ACB /* 20210905-ArmandoHerrera-NYCSchools */ = {
			isa = PBXGroup;
			children = (
				C4BF699026E5CAF500CD7ACB /* Models */,
				C4BF698F26E5CAD200CD7ACB /* Views */,
				C4BF697826E5827100CD7ACB /* _0210905_ArmandoHerrera_NYCSchoolsApp.swift */,
				C4BF697C26E5827400CD7ACB /* Assets.xcassets */,
				C4BF698126E5827400CD7ACB /* Info.plist */,
				C4BF697E26E5827400CD7ACB /* Preview Content */,
			);
			path = "20210905-ArmandoHerrera-NYCSchools";
			sourceTree = "<group>";
		};
		C4BF697E26E5827400CD7ACB /* Preview Content */ = {
			isa = PBXGroup;
			children = (
				C4BF697F26E5827400CD7ACB /* Preview Assets.xcassets */,
			);
			path = "Preview Content";
			sourceTree = "<group>";
		};
		C4BF698F26E5CAD200CD7ACB /* Views */ = {
			isa = PBXGroup;
			children = (
				C4BF697A26E5827100CD7ACB /* ContentView.swift */,
				C4BF698D26E58ED000CD7ACB /* SatResultsUIView.swift */,
				C4BF698926E5857600CD7ACB /* SatResults.swift */,
			);
			path = Views;
			sourceTree = "<group>";
		};
		C4BF699026E5CAF500CD7ACB /* Models */ = {
			isa = PBXGroup;
			children = (
				C4BF698726E5830C00CD7ACB /* SchoolStruct.swift */,
				C4BF698B26E58C8100CD7ACB /* SatResultsStruct.swift */,
			);
			path = Models;
			sourceTree = "<group>";
		};
/* End PBXGroup section */

/* Begin PBXNativeTarget section */
		C4BF697426E5827100CD7ACB /* 20210905-ArmandoHerrera-NYCSchools */ = {
			isa = PBXNativeTarget;
			buildConfigurationList = C4BF698426E5827400CD7ACB /* Build configuration list for PBXNativeTarget "20210905-ArmandoHerrera-NYCSchools" */;
			buildPhases = (
				C4BF697126E5827100CD7ACB /* Sources */,
				C4BF697226E5827100CD7ACB /* Frameworks */,
				C4BF697326E5827100CD7ACB /* Resources */,
			);
			buildRules = (
			);
			dependencies = (
			);
			name = "20210905-ArmandoHerrera-NYCSchools";
			productName = "20210905-ArmandoHerrera-NYCSchools";
			productReference = C4BF697526E5827100CD7ACB /* 20210905-ArmandoHerrera-NYCSchools.app */;
			productType = "com.apple.product-type.application";
		};
/* End PBXNativeTarget section */

/* Begin PBXProject section */
		C4BF696D26E5827100CD7ACB /* Project object */ = {
			isa = PBXProject;
			attributes = {
				LastSwiftUpdateCheck = 1250;
				LastUpgradeCheck = 1250;
				TargetAttributes = {
					C4BF697426E5827100CD7ACB = {
						CreatedOnToolsVersion = 12.5.1;
					};
				};
			};
			buildConfigurationList = C4BF697026E5827100CD7ACB /* Build configuration list for PBXProject "20210905-ArmandoHerrera-NYCSchools" */;
			compatibilityVersion = "Xcode 9.3";
			developmentRegion = en;
			hasScannedForEncodings = 0;
			knownRegions = (
				en,
				Base,
			);
			mainGroup = C4BF696C26E5827100CD7ACB;
			productRefGroup = C4BF697626E5827100CD7ACB /* Products */;
			projectDirPath = "";
			projectRoot = "";
			targets = (
				C4BF697426E5827100CD7ACB /* 20210905-ArmandoHerrera-NYCSchools */,
			);
		};
/* End PBXProject section */

/* Begin PBXResourcesBuildPhase section */
		C4BF697326E5827100CD7ACB /* Resources */ = {
			isa = PBXResourcesBuildPhase;
			buildActionMask = 2147483647;
			files = (
				C4BF698026E5827400CD7ACB /* Preview Assets.xcassets in Resources */,
				C4BF697D26E5827400CD7ACB /* Assets.xcassets in Resources */,
			);
			runOnlyForDeploymentPostprocessing = 0;
		};
/* End PBXResourcesBuildPhase section */

/* Begin PBXSourcesBuildPhase section */
		C4BF697126E5827100CD7ACB /* Sources */ = {
			isa = PBXSourcesBuildPhase;
			buildActionMask = 2147483647;
			files = (
				C4BF697B26E5827100CD7ACB /* ContentView.swift in Sources */,
				C4BF698A26E5857600CD7ACB /* SatResults.swift in Sources */,
				C4BF698E26E58ED000CD7ACB /* SatResultsUIView.swift in Sources */,
				C4BF698C26E58C8100CD7ACB /* SatResultsStruct.swift in Sources */,
				C4BF697926E5827100CD7ACB /* _0210905_ArmandoHerrera_NYCSchoolsApp.swift in Sources */,
				C4BF698826E5830C00CD7ACB /* SchoolStruct.swift in Sources */,
			);
			runOnlyForDeploymentPostprocessing = 0;
		};
/* End PBXSourcesBuildPhase section */

/* Begin XCBuildConfiguration section */
		C4BF698226E5827400CD7ACB /* Debug */ = {
			isa = XCBuildConfiguration;
			buildSettings = {
				ALWAYS_SEARCH_USER_PATHS = NO;
				CLANG_ANALYZER_NONNULL = YES;
				CLANG_ANALYZER_NUMBER_OBJECT_CONVERSION = YES_AGGRESSIVE;
				CLANG_CXX_LANGUAGE_STANDARD = "gnu++14";
				CLANG_CXX_LIBRARY = "libc++";
				CLANG_ENABLE_MODULES = YES;
				CLANG_ENABLE_OBJC_ARC = YES;
				CLANG_ENABLE_OBJC_WEAK = YES;
				CLANG_WARN_BLOCK_CAPTURE_AUTORELEASING = YES;
				CLANG_WARN_BOOL_CONVERSION = YES;
				CLANG_WARN_COMMA = YES;
				CLANG_WARN_CONSTANT_CONVERSION = YES;
				CLANG_WARN_DEPRECATED_OBJC_IMPLEMENTATIONS = YES;
				CLANG_WARN_DIRECT_OBJC_ISA_USAGE = YES_ERROR;
				CLANG_WARN_DOCUMENTATION_COMMENTS = YES;
				CLANG_WARN_EMPTY_BODY = YES;
				CLANG_WARN_ENUM_CONVERSION = YES;
				CLANG_WARN_INFINITE_RECURSION = YES;
				CLANG_WARN_INT_CONVERSION = YES;
				CLANG_WARN_NON_LITERAL_NULL_CONVERSION = YES;
				CLANG_WARN_OBJC_IMPLICIT_RETAIN_SELF = YES;
				CLANG_WARN_OBJC_LITERAL_CONVERSION = YES;
				CLANG_WARN_OBJC_ROOT_CLASS = YES_ERROR;
				CLANG_WARN_QUOTED_INCLUDE_IN_FRAMEWORK_HEADER = YES;
				CLANG_WARN_RANGE_LOOP_ANALYSIS = YES;
				CLANG_WARN_STRICT_PROTOTYPES = YES;
				CLANG_WARN_SUSPICIOUS_MOVE = YES;
				CLANG_WARN_UNGUARDED_AVAILABILITY = YES_AGGRESSIVE;
				CLANG_WARN_UNREACHABLE_CODE = YES;
				CLANG_WARN__DUPLICATE_METHOD_MATCH = YES;
				COPY_PHASE_STRIP = NO;
				DEBUG_INFORMATION_FORMAT = dwarf;
				ENABLE_STRICT_OBJC_MSGSEND = YES;
				ENABLE_TESTABILITY = YES;
				GCC_C_LANGUAGE_STANDARD = gnu11;
				GCC_DYNAMIC_NO_PIC = NO;
				GCC_NO_COMMON_BLOCKS = YES;
				GCC_OPTIMIZATION_LEVEL = 0;
				GCC_PREPROCESSOR_DEFINITIONS = (
					"DEBUG=1",
					"$(inherited)",
				);
				GCC_WARN_64_TO_32_BIT_CONVERSION = YES;
				GCC_WARN_ABOUT_RETURN_TYPE = YES_ERROR;
				GCC_WARN_UNDECLARED_SELECTOR = YES;
				GCC_WARN_UNINITIALIZED_AUTOS = YES_AGGRESSIVE;
				GCC_WARN_UNUSED_FUNCTION = YES;
				GCC_WARN_UNUSED_VARIABLE = YES;
				IPHONEOS_DEPLOYMENT_TARGET = 14.5;
				MTL_ENABLE_DEBUG_INFO = INCLUDE_SOURCE;
				MTL_FAST_MATH = YES;
				ONLY_ACTIVE_ARCH = YES;
				SDKROOT = iphoneos;
				SWIFT_ACTIVE_COMPILATION_CONDITIONS = DEBUG;
				SWIFT_OPTIMIZATION_LEVEL = "-Onone";
			};
			name = Debug;
		};
		C4BF698326E5827400CD7ACB /* Release */ = {
			isa = XCBuildConfiguration;
			buildSettings = {
				ALWAYS_SEARCH_USER_PATHS = NO;
				CLANG_ANALYZER_NONNULL = YES;
				CLANG_ANALYZER_NUMBER_OBJECT_CONVERSION = YES_AGGRESSIVE;
				CLANG_CXX_LANGUAGE_STANDARD = "gnu++14";
				CLANG_CXX_LIBRARY = "libc++";
				CLANG_ENABLE_MODULES = YES;
				CLANG_ENABLE_OBJC_ARC = YES;
				CLANG_ENABLE_OBJC_WEAK = YES;
				CLANG_WARN_BLOCK_CAPTURE_AUTORELEASING = YES;
				CLANG_WARN_BOOL_CONVERSION = YES;
				CLANG_WARN_COMMA = YES;
				CLANG_WARN_CONSTANT_CONVERSION = YES;
				CLANG_WARN_DEPRECATED_OBJC_IMPLEMENTATIONS = YES;
				CLANG_WARN_DIRECT_OBJC_ISA_USAGE = YES_ERROR;
				CLANG_WARN_DOCUMENTATION_COMMENTS = YES;
				CLANG_WARN_EMPTY_BODY = YES;
				CLANG_WARN_ENUM_CONVERSION = YES;
				CLANG_WARN_INFINITE_RECURSION = YES;
				CLANG_WARN_INT_CONVERSION = YES;
				CLANG_WARN_NON_LITERAL_NULL_CONVERSION = YES;
				CLANG_WARN_OBJC_IMPLICIT_RETAIN_SELF = YES;
				CLANG_WARN_OBJC_LITERAL_CONVERSION = YES;
				CLANG_WARN_OBJC_ROOT_CLASS = YES_ERROR;
				CLANG_WARN_QUOTED_INCLUDE_IN_FRAMEWORK_HEADER = YES;
				CLANG_WARN_RANGE_LOOP_ANALYSIS = YES;
				CLANG_WARN_STRICT_PROTOTYPES = YES;
				CLANG_WARN_SUSPICIOUS_MOVE = YES;
				CLANG_WARN_UNGUARDED_AVAILABILITY = YES_AGGRESSIVE;
				CLANG_WARN_UNREACHABLE_CODE = YES;
				CLANG_WARN__DUPLICATE_METHOD_MATCH = YES;
				COPY_PHASE_STRIP = NO;
				DEBUG_INFORMATION_FORMAT = "dwarf-with-dsym";
				ENABLE_NS_ASSERTIONS = NO;
				ENABLE_STRICT_OBJC_MSGSEND = YES;
				GCC_C_LANGUAGE_STANDARD = gnu11;
				GCC_NO_COMMON_BLOCKS = YES;
				GCC_WARN_64_TO_32_BIT_CONVERSION = YES;
				GCC_WARN_ABOUT_RETURN_TYPE = YES_ERROR;
				GCC_WARN_UNDECLARED_SELECTOR = YES;
				GCC_WARN_UNINITIALIZED_AUTOS = YES_AGGRESSIVE;
				GCC_WARN_UNUSED_FUNCTION = YES;
				GCC_WARN_UNUSED_VARIABLE = YES;
				IPHONEOS_DEPLOYMENT_TARGET = 14.5;
				MTL_ENABLE_DEBUG_INFO = NO;
				MTL_FAST_MATH = YES;
				SDKROOT = iphoneos;
				SWIFT_COMPILATION_MODE = wholemodule;
				SWIFT_OPTIMIZATION_LEVEL = "-O";
				VALIDATE_PRODUCT = YES;
			};
			name = Release;
		};
		C4BF698526E5827400CD7ACB /* Debug */ = {
			isa = XCBuildConfiguration;
			buildSettings = {
				ASSETCATALOG_COMPILER_APPICON_NAME = AppIcon;
				ASSETCATALOG_COMPILER_GLOBAL_ACCENT_COLOR_NAME = AccentColor;
				CODE_SIGN_STYLE = Automatic;
				DEVELOPMENT_ASSET_PATHS = "\"20210905-ArmandoHerrera-NYCSchools/Preview Content\"";
				DEVELOPMENT_TEAM = CG9N3CD263;
				ENABLE_PREVIEWS = YES;
				INFOPLIST_FILE = "20210905-ArmandoHerrera-NYCSchools/Info.plist";
				IPHONEOS_DEPLOYMENT_TARGET = 14.0;
				LD_RUNPATH_SEARCH_PATHS = (
					"$(inherited)",
					"@executable_path/Frameworks",
				);
				PRODUCT_BUNDLE_IDENTIFIER = "com.armandoherrera.armandoherreraNYCS.-0210905-ArmandoHerrera-NYCSchools";
				PRODUCT_NAME = "$(TARGET_NAME)";
				SWIFT_VERSION = 5.0;
				TARGETED_DEVICE_FAMILY = "1,2";
			};
			name = Debug;
		};
		C4BF698626E5827400CD7ACB /* Release */ = {
			isa = XCBuildConfiguration;
			buildSettings = {
				ASSETCATALOG_COMPILER_APPICON_NAME = AppIcon;
				ASSETCATALOG_COMPILER_GLOBAL_ACCENT_COLOR_NAME = AccentColor;
				CODE_SIGN_STYLE = Automatic;
				DEVELOPMENT_ASSET_PATHS = "\"20210905-ArmandoHerrera-NYCSchools/Preview Content\"";
				DEVELOPMENT_TEAM = CG9N3CD263;
				ENABLE_PREVIEWS = YES;
				INFOPLIST_FILE = "20210905-ArmandoHerrera-NYCSchools/Info.plist";
				IPHONEOS_DEPLOYMENT_TARGET = 14.0;
				LD_RUNPATH_SEARCH_PATHS = (
					"$(inherited)",
					"@executable_path/Frameworks",
				);
				PRODUCT_BUNDLE_IDENTIFIER = "com.armandoherrera.armandoherreraNYCS.-0210905-ArmandoHerrera-NYCSchools";
				PRODUCT_NAME = "$(TARGET_NAME)";
				SWIFT_VERSION = 5.0;
				TARGETED_DEVICE_FAMILY = "1,2";
			};
			name = Release;
		};
/* End XCBuildConfiguration section */

/* Begin XCConfigurationList section */
		C4BF697026E5827100CD7ACB /* Build configuration list for PBXProject "20210905-ArmandoHerrera-NYCSchools" */ = {
			isa = XCConfigurationList;
			buildConfigurations = (
				C4BF698226E5827400CD7ACB /* Debug */,
				C4BF698326E5827400CD7ACB /* Release */,
			);
			defaultConfigurationIsVisible = 0;
			defaultConfigurationName = Release;
		};
		C4BF698426E5827400CD7ACB /* Build configuration list for PBXNativeTarget "20210905-ArmandoHerrera-NYCSchools" */ = {
			isa = XCConfigurationList;
			buildConfigurations = (
				C4BF698526E5827400CD7ACB /* Debug */,
				C4BF698626E5827400CD7ACB /* Release */,
			);
			defaultConfigurationIsVisible = 0;
			defaultConfigurationName = Release;
		};
/* End XCConfigurationList section */
	};
	rootObject = C4BF696D26E5827100CD7ACB /* Project object */;
}
